
Microsoft Visual Studio Solution File, Format Version 12.00
# Visual Studio Version 17
VisualStudioVersion = 17.0.31903.59
MinimumVisualStudioVersion = 10.0.40219.1
Project("{2150E333-8FDC-42A3-9474-1A3956D46DE8}") = "src", "src", "{02EA681E-C7D8-13C7-8484-4AC65E1B71E8}"
EndProject
Project("{FAE04EC0-301F-11D3-BF4B-00C04F79EFBC}") = "ApartmentManagement.API", "src\ApartmentManagement.API\ApartmentManagement.API.csproj", "{EE9CAA28-3C07-4B9F-83E5-DF941D3FB5D8}"
EndProject
Project("{2150E333-8FDC-42A3-9474-1A3956D46DE8}") = "Directory", "Directory", "{F8D22DD6-8676-4BCD-B093-777967496358}"
EndProject
Project("{FAE04EC0-301F-11D3-BF4B-00C04F79EFBC}") = "Directory.Domain", "src\Directory\Directory.Domain\Directory.Domain.csproj", "{D7D61258-1CC9-4944-BF24-7A515BF8DDDA}"
EndProject
Project("{FAE04EC0-301F-11D3-BF4B-00C04F79EFBC}") = "Directory.Application", "src\Directory\Directory.Application\Directory.Application.csproj", "{86168C5C-92AC-451C-B83E-37E28F7A2ED6}"
EndProject
Project("{FAE04EC0-301F-11D3-BF4B-00C04F79EFBC}") = "Directory.Infrastructure", "src\Directory\Directory.Infrastructure\Directory.Infrastructure.csproj", "{6B4CB629-0C8A-4D2B-8F76-3EC3AF1EE4F3}"
EndProject
Project("{FAE04EC0-301F-11D3-BF4B-00C04F79EFBC}") = "Directory.Controllers", "src\Directory\Directory.Controllers\Directory.Controllers.csproj", "{C4BFF39B-C550-4BE1-96EC-E5E34681850E}"
EndProject
Project("{FAE04EC0-301F-11D3-BF4B-00C04F79EFBC}") = "ApartmentManagement.Contracts", "src\ApartmentManagement.Contracts\ApartmentManagement.Contracts.csproj", "{3178E6FE-0212-33E2-32DD-C68887B20B0F}"
EndProject
Project("{FAE04EC0-301F-11D3-BF4B-00C04F79EFBC}") = "ApartmentManagement.SharedKernel", "src\ApartmentManagement.SharedKernel\ApartmentManagement.SharedKernel.csproj", "{A40BBE8E-DD8B-D95F-FBB9-1B05CC3F0E88}"
EndProject
Project("{2150E333-8FDC-42A3-9474-1A3956D46DE8}") = "Property", "Property", "{E29F8FCC-9A68-4289-8025-9CC95E757CF9}"
EndProject
Project("{FAE04EC0-301F-11D3-BF4B-00C04F79EFBC}") = "Property.Application", "src\Property\Property.Application\Property.Application.csproj", "{2CE17386-5B9D-4335-B71A-B8A593CC9FEF}"
EndProject
Project("{FAE04EC0-301F-11D3-BF4B-00C04F79EFBC}") = "Property.Domain", "src\Property\Property.Domain\Property.Domain.csproj", "{1136A45E-307B-4807-B330-7CDB9E8DEB36}"
EndProject
Project("{FAE04EC0-301F-11D3-BF4B-00C04F79EFBC}") = "Property.Controller", "src\Property\Property.Controller\Property.Controller.csproj", "{F16C35F8-9498-43B2-B845-B8FD744436B5}"
EndProject
Project("{FAE04EC0-301F-11D3-BF4B-00C04F79EFBC}") = "Property.Infrastructure", "src\Property\Property.Infrastructure\Property.Infrastructure.csproj", "{5B53B065-10E4-4345-9302-29F578D72B91}"
EndProject
Project("{2150E333-8FDC-42A3-9474-1A3956D46DE8}") = "Leasing", "Leasing", "{3303E5FB-0DDC-4474-B91F-15F5AA40CE50}"
EndProject
Project("{FAE04EC0-301F-11D3-BF4B-00C04F79EFBC}") = "Leasing.Application", "src\Leasing\Leasing.Application\Leasing.Application.csproj", "{D905A778-97BB-4EAA-9B7F-F66F6766088A}"
EndProject
Project("{FAE04EC0-301F-11D3-BF4B-00C04F79EFBC}") = "Leasing.Domain", "src\Leasing\Leasing.Domain\Leasing.Domain.csproj", "{A88E9279-2179-4133-83C0-2BC0798600A4}"
EndProject
Project("{FAE04EC0-301F-11D3-BF4B-00C04F79EFBC}") = "Leasing.Infrastructure", "src\Leasing\Leasing.Infrastructure\Leasing.Infrastructure.csproj", "{09DF50B9-17AE-4BCF-B2F6-A701D160FD0E}"
EndProject
Project("{FAE04EC0-301F-11D3-BF4B-00C04F79EFBC}") = "Leasing.Controllers", "src\Leasing\Leasing.Controllers\Leasing.Controllers.csproj", "{238263DA-CC4B-4CD9-BA9F-F7752E23C2D9}"
EndProject
Project("{FAE04EC0-301F-11D3-BF4B-00C04F79EFBC}") = "Leasing.IntegrationEvent", "src\Leasing\Leasing.IntegrationEvent\Leasing.IntegrationEvent.csproj", "{D4FC6755-0682-46A1-8150-BBF39847B97C}"
EndProject
Project("{2150E333-8FDC-42A3-9474-1A3956D46DE8}") = "Billing", "Billing", "{F009BBD0-67F7-4203-BB2B-CEBCB21C2CE7}"
EndProject
Project("{FAE04EC0-301F-11D3-BF4B-00C04F79EFBC}") = "Billing.Domain", "src\Billing\Billing.Domain\Billing.Domain.csproj", "{9F870EDB-56A1-49ED-AFB7-829F82F756CF}"
EndProject
Project("{FAE04EC0-301F-11D3-BF4B-00C04F79EFBC}") = "Billing.Controller", "src\Billing\Billing.Controller\Billing.Controller.csproj", "{800B9E83-37B4-4615-9912-DFE94623A951}"
EndProject
Project("{FAE04EC0-301F-11D3-BF4B-00C04F79EFBC}") = "Billing.Infrastructure", "src\Billing\Billing.Infrastructure\Billing.Infrastructure.csproj", "{E86E2976-B4D9-43F4-83BD-EB2FBE951BDF}"
EndProject
Project("{FAE04EC0-301F-11D3-BF4B-00C04F79EFBC}") = "Billing.Application", "src\Billing\Billing.Application\Billing.Application.csproj", "{09097EE1-3D34-4633-ABFD-FEE8D9FA5264}"
EndProject
Project("{FAE04EC0-301F-11D3-BF4B-00C04F79EFBC}") = "Billing.IntegrationEvent", "src\Billing\Billing.IntegrationEvent\Billing.IntegrationEvent.csproj", "{D836FBCF-BC32-4209-902B-C10C15676CDB}"
EndProject
Project("{2150E333-8FDC-42A3-9474-1A3956D46DE8}") = "Ownership", "Ownership", "{956CBC8C-2B49-4566-A471-3025E0257C56}"
EndProject
Project("{FAE04EC0-301F-11D3-BF4B-00C04F79EFBC}") = "Ownership.Application", "src\Ownership\Ownership.Application\Ownership.Application.csproj", "{E3949564-13FA-4ADA-A94F-CDB19ACF6E52}"
EndProject
Project("{FAE04EC0-301F-11D3-BF4B-00C04F79EFBC}") = "Ownership.Controller", "src\Ownership\Ownership.Controller\Ownership.Controller.csproj", "{D9DE1E19-7342-4BDB-B8F6-9118148BCA18}"
EndProject
Project("{FAE04EC0-301F-11D3-BF4B-00C04F79EFBC}") = "Ownership.Domain", "src\Ownership\Ownership.Domain\Ownership.Domain.csproj", "{71FF9F5B-E251-490D-A8B0-4B022A159ECE}"
EndProject
Project("{FAE04EC0-301F-11D3-BF4B-00C04F79EFBC}") = "Ownership.Infrastructure", "src\Ownership\Ownership.Infrastructure\Ownership.Infrastructure.csproj", "{AE92F9FC-E6C1-4EC0-A43E-48D77581886B}"
EndProject
Global
	GlobalSection(SolutionConfigurationPlatforms) = preSolution
		Debug|Any CPU = Debug|Any CPU
		Release|Any CPU = Release|Any CPU
	EndGlobalSection
	GlobalSection(ProjectConfigurationPlatforms) = postSolution
		{EE9CAA28-3C07-4B9F-83E5-DF941D3FB5D8}.Debug|Any CPU.ActiveCfg = Debug|Any CPU
		{EE9CAA28-3C07-4B9F-83E5-DF941D3FB5D8}.Debug|Any CPU.Build.0 = Debug|Any CPU
		{EE9CAA28-3C07-4B9F-83E5-DF941D3FB5D8}.Release|Any CPU.ActiveCfg = Release|Any CPU
		{EE9CAA28-3C07-4B9F-83E5-DF941D3FB5D8}.Release|Any CPU.Build.0 = Release|Any CPU
		{D7D61258-1CC9-4944-BF24-7A515BF8DDDA}.Debug|Any CPU.ActiveCfg = Debug|Any CPU
		{D7D61258-1CC9-4944-BF24-7A515BF8DDDA}.Debug|Any CPU.Build.0 = Debug|Any CPU
		{D7D61258-1CC9-4944-BF24-7A515BF8DDDA}.Release|Any CPU.ActiveCfg = Release|Any CPU
		{D7D61258-1CC9-4944-BF24-7A515BF8DDDA}.Release|Any CPU.Build.0 = Release|Any CPU
		{86168C5C-92AC-451C-B83E-37E28F7A2ED6}.Debug|Any CPU.ActiveCfg = Debug|Any CPU
		{86168C5C-92AC-451C-B83E-37E28F7A2ED6}.Debug|Any CPU.Build.0 = Debug|Any CPU
		{86168C5C-92AC-451C-B83E-37E28F7A2ED6}.Release|Any CPU.ActiveCfg = Release|Any CPU
		{86168C5C-92AC-451C-B83E-37E28F7A2ED6}.Release|Any CPU.Build.0 = Release|Any CPU
		{6B4CB629-0C8A-4D2B-8F76-3EC3AF1EE4F3}.Debug|Any CPU.ActiveCfg = Debug|Any CPU
		{6B4CB629-0C8A-4D2B-8F76-3EC3AF1EE4F3}.Debug|Any CPU.Build.0 = Debug|Any CPU
		{6B4CB629-0C8A-4D2B-8F76-3EC3AF1EE4F3}.Release|Any CPU.ActiveCfg = Release|Any CPU
		{6B4CB629-0C8A-4D2B-8F76-3EC3AF1EE4F3}.Release|Any CPU.Build.0 = Release|Any CPU
		{C4BFF39B-C550-4BE1-96EC-E5E34681850E}.Debug|Any CPU.ActiveCfg = Debug|Any CPU
		{C4BFF39B-C550-4BE1-96EC-E5E34681850E}.Debug|Any CPU.Build.0 = Debug|Any CPU
		{C4BFF39B-C550-4BE1-96EC-E5E34681850E}.Release|Any CPU.ActiveCfg = Release|Any CPU
		{C4BFF39B-C550-4BE1-96EC-E5E34681850E}.Release|Any CPU.Build.0 = Release|Any CPU
		{3178E6FE-0212-33E2-32DD-C68887B20B0F}.Debug|Any CPU.ActiveCfg = Debug|Any CPU
		{3178E6FE-0212-33E2-32DD-C68887B20B0F}.Debug|Any CPU.Build.0 = Debug|Any CPU
		{3178E6FE-0212-33E2-32DD-C68887B20B0F}.Release|Any CPU.ActiveCfg = Release|Any CPU
		{3178E6FE-0212-33E2-32DD-C68887B20B0F}.Release|Any CPU.Build.0 = Release|Any CPU
		{A40BBE8E-DD8B-D95F-FBB9-1B05CC3F0E88}.Debug|Any CPU.ActiveCfg = Debug|Any CPU
		{A40BBE8E-DD8B-D95F-FBB9-1B05CC3F0E88}.Debug|Any CPU.Build.0 = Debug|Any CPU
		{A40BBE8E-DD8B-D95F-FBB9-1B05CC3F0E88}.Release|Any CPU.ActiveCfg = Release|Any CPU
		{A40BBE8E-DD8B-D95F-FBB9-1B05CC3F0E88}.Release|Any CPU.Build.0 = Release|Any CPU
		{2CE17386-5B9D-4335-B71A-B8A593CC9FEF}.Debug|Any CPU.ActiveCfg = Debug|Any CPU
		{2CE17386-5B9D-4335-B71A-B8A593CC9FEF}.Debug|Any CPU.Build.0 = Debug|Any CPU
		{2CE17386-5B9D-4335-B71A-B8A593CC9FEF}.Release|Any CPU.ActiveCfg = Release|Any CPU
		{2CE17386-5B9D-4335-B71A-B8A593CC9FEF}.Release|Any CPU.Build.0 = Release|Any CPU
		{1136A45E-307B-4807-B330-7CDB9E8DEB36}.Debug|Any CPU.ActiveCfg = Debug|Any CPU
		{1136A45E-307B-4807-B330-7CDB9E8DEB36}.Debug|Any CPU.Build.0 = Debug|Any CPU
		{1136A45E-307B-4807-B330-7CDB9E8DEB36}.Release|Any CPU.ActiveCfg = Release|Any CPU
		{1136A45E-307B-4807-B330-7CDB9E8DEB36}.Release|Any CPU.Build.0 = Release|Any CPU
		{F16C35F8-9498-43B2-B845-B8FD744436B5}.Debug|Any CPU.ActiveCfg = Debug|Any CPU
		{F16C35F8-9498-43B2-B845-B8FD744436B5}.Debug|Any CPU.Build.0 = Debug|Any CPU
		{F16C35F8-9498-43B2-B845-B8FD744436B5}.Release|Any CPU.ActiveCfg = Release|Any CPU
		{F16C35F8-9498-43B2-B845-B8FD744436B5}.Release|Any CPU.Build.0 = Release|Any CPU
		{5B53B065-10E4-4345-9302-29F578D72B91}.Debug|Any CPU.ActiveCfg = Debug|Any CPU
		{5B53B065-10E4-4345-9302-29F578D72B91}.Debug|Any CPU.Build.0 = Debug|Any CPU
		{5B53B065-10E4-4345-9302-29F578D72B91}.Release|Any CPU.ActiveCfg = Release|Any CPU
		{5B53B065-10E4-4345-9302-29F578D72B91}.Release|Any CPU.Build.0 = Release|Any CPU
		{D905A778-97BB-4EAA-9B7F-F66F6766088A}.Debug|Any CPU.ActiveCfg = Debug|Any CPU
		{D905A778-97BB-4EAA-9B7F-F66F6766088A}.Debug|Any CPU.Build.0 = Debug|Any CPU
		{D905A778-97BB-4EAA-9B7F-F66F6766088A}.Release|Any CPU.ActiveCfg = Release|Any CPU
		{D905A778-97BB-4EAA-9B7F-F66F6766088A}.Release|Any CPU.Build.0 = Release|Any CPU
		{A88E9279-2179-4133-83C0-2BC0798600A4}.Debug|Any CPU.ActiveCfg = Debug|Any CPU
		{A88E9279-2179-4133-83C0-2BC0798600A4}.Debug|Any CPU.Build.0 = Debug|Any CPU
		{A88E9279-2179-4133-83C0-2BC0798600A4}.Release|Any CPU.ActiveCfg = Release|Any CPU
		{A88E9279-2179-4133-83C0-2BC0798600A4}.Release|Any CPU.Build.0 = Release|Any CPU
		{09DF50B9-17AE-4BCF-B2F6-A701D160FD0E}.Debug|Any CPU.ActiveCfg = Debug|Any CPU
		{09DF50B9-17AE-4BCF-B2F6-A701D160FD0E}.Debug|Any CPU.Build.0 = Debug|Any CPU
		{09DF50B9-17AE-4BCF-B2F6-A701D160FD0E}.Release|Any CPU.ActiveCfg = Release|Any CPU
		{09DF50B9-17AE-4BCF-B2F6-A701D160FD0E}.Release|Any CPU.Build.0 = Release|Any CPU
		{238263DA-CC4B-4CD9-BA9F-F7752E23C2D9}.Debug|Any CPU.ActiveCfg = Debug|Any CPU
		{238263DA-CC4B-4CD9-BA9F-F7752E23C2D9}.Debug|Any CPU.Build.0 = Debug|Any CPU
		{238263DA-CC4B-4CD9-BA9F-F7752E23C2D9}.Release|Any CPU.ActiveCfg = Release|Any CPU
		{238263DA-CC4B-4CD9-BA9F-F7752E23C2D9}.Release|Any CPU.Build.0 = Release|Any CPU
		{D4FC6755-0682-46A1-8150-BBF39847B97C}.Debug|Any CPU.ActiveCfg = Debug|Any CPU
		{D4FC6755-0682-46A1-8150-BBF39847B97C}.Debug|Any CPU.Build.0 = Debug|Any CPU
		{D4FC6755-0682-46A1-8150-BBF39847B97C}.Release|Any CPU.ActiveCfg = Release|Any CPU
		{D4FC6755-0682-46A1-8150-BBF39847B97C}.Release|Any CPU.Build.0 = Release|Any CPU
		{9F870EDB-56A1-49ED-AFB7-829F82F756CF}.Debug|Any CPU.ActiveCfg = Debug|Any CPU
		{9F870EDB-56A1-49ED-AFB7-829F82F756CF}.Debug|Any CPU.Build.0 = Debug|Any CPU
		{9F870EDB-56A1-49ED-AFB7-829F82F756CF}.Release|Any CPU.ActiveCfg = Release|Any CPU
		{9F870EDB-56A1-49ED-AFB7-829F82F756CF}.Release|Any CPU.Build.0 = Release|Any CPU
		{800B9E83-37B4-4615-9912-DFE94623A951}.Debug|Any CPU.ActiveCfg = Debug|Any CPU
		{800B9E83-37B4-4615-9912-DFE94623A951}.Debug|Any CPU.Build.0 = Debug|Any CPU
		{800B9E83-37B4-4615-9912-DFE94623A951}.Release|Any CPU.ActiveCfg = Release|Any CPU
		{800B9E83-37B4-4615-9912-DFE94623A951}.Release|Any CPU.Build.0 = Release|Any CPU
		{E86E2976-B4D9-43F4-83BD-EB2FBE951BDF}.Debug|Any CPU.ActiveCfg = Debug|Any CPU
		{E86E2976-B4D9-43F4-83BD-EB2FBE951BDF}.Debug|Any CPU.Build.0 = Debug|Any CPU
		{E86E2976-B4D9-43F4-83BD-EB2FBE951BDF}.Release|Any CPU.ActiveCfg = Release|Any CPU
		{E86E2976-B4D9-43F4-83BD-EB2FBE951BDF}.Release|Any CPU.Build.0 = Release|Any CPU
		{09097EE1-3D34-4633-ABFD-FEE8D9FA5264}.Debug|Any CPU.ActiveCfg = Debug|Any CPU
		{09097EE1-3D34-4633-ABFD-FEE8D9FA5264}.Debug|Any CPU.Build.0 = Debug|Any CPU
		{09097EE1-3D34-4633-ABFD-FEE8D9FA5264}.Release|Any CPU.ActiveCfg = Release|Any CPU
		{09097EE1-3D34-4633-ABFD-FEE8D9FA5264}.Release|Any CPU.Build.0 = Release|Any CPU
		{D836FBCF-BC32-4209-902B-C10C15676CDB}.Debug|Any CPU.ActiveCfg = Debug|Any CPU
		{D836FBCF-BC32-4209-902B-C10C15676CDB}.Debug|Any CPU.Build.0 = Debug|Any CPU
		{D836FBCF-BC32-4209-902B-C10C15676CDB}.Release|Any CPU.ActiveCfg = Release|Any CPU
		{D836FBCF-BC32-4209-902B-C10C15676CDB}.Release|Any CPU.Build.0 = Release|Any CPU
		{E3949564-13FA-4ADA-A94F-CDB19ACF6E52}.Debug|Any CPU.ActiveCfg = Debug|Any CPU
		{E3949564-13FA-4ADA-A94F-CDB19ACF6E52}.Debug|Any CPU.Build.0 = Debug|Any CPU
		{E3949564-13FA-4ADA-A94F-CDB19ACF6E52}.Release|Any CPU.ActiveCfg = Release|Any CPU
		{E3949564-13FA-4ADA-A94F-CDB19ACF6E52}.Release|Any CPU.Build.0 = Release|Any CPU
		{D9DE1E19-7342-4BDB-B8F6-9118148BCA18}.Debug|Any CPU.ActiveCfg = Debug|Any CPU
		{D9DE1E19-7342-4BDB-B8F6-9118148BCA18}.Debug|Any CPU.Build.0 = Debug|Any CPU
		{D9DE1E19-7342-4BDB-B8F6-9118148BCA18}.Release|Any CPU.ActiveCfg = Release|Any CPU
		{D9DE1E19-7342-4BDB-B8F6-9118148BCA18}.Release|Any CPU.Build.0 = Release|Any CPU
		{71FF9F5B-E251-490D-A8B0-4B022A159ECE}.Debug|Any CPU.ActiveCfg = Debug|Any CPU
		{71FF9F5B-E251-490D-A8B0-4B022A159ECE}.Debug|Any CPU.Build.0 = Debug|Any CPU
		{71FF9F5B-E251-490D-A8B0-4B022A159ECE}.Release|Any CPU.ActiveCfg = Release|Any CPU
		{71FF9F5B-E251-490D-A8B0-4B022A159ECE}.Release|Any CPU.Build.0 = Release|Any CPU
		{AE92F9FC-E6C1-4EC0-A43E-48D77581886B}.Debug|Any CPU.ActiveCfg = Debug|Any CPU
		{AE92F9FC-E6C1-4EC0-A43E-48D77581886B}.Debug|Any CPU.Build.0 = Debug|Any CPU
		{AE92F9FC-E6C1-4EC0-A43E-48D77581886B}.Release|Any CPU.ActiveCfg = Release|Any CPU
		{AE92F9FC-E6C1-4EC0-A43E-48D77581886B}.Release|Any CPU.Build.0 = Release|Any CPU
	EndGlobalSection
	GlobalSection(SolutionProperties) = preSolution
		HideSolutionNode = FALSE
	EndGlobalSection
	GlobalSection(NestedProjects) = preSolution
		{EE9CAA28-3C07-4B9F-83E5-DF941D3FB5D8} = {02EA681E-C7D8-13C7-8484-4AC65E1B71E8}
		{F8D22DD6-8676-4BCD-B093-777967496358} = {02EA681E-C7D8-13C7-8484-4AC65E1B71E8}
		{D7D61258-1CC9-4944-BF24-7A515BF8DDDA} = {F8D22DD6-8676-4BCD-B093-777967496358}
		{86168C5C-92AC-451C-B83E-37E28F7A2ED6} = {F8D22DD6-8676-4BCD-B093-777967496358}
		{6B4CB629-0C8A-4D2B-8F76-3EC3AF1EE4F3} = {F8D22DD6-8676-4BCD-B093-777967496358}
		{C4BFF39B-C550-4BE1-96EC-E5E34681850E} = {F8D22DD6-8676-4BCD-B093-777967496358}
		{3178E6FE-0212-33E2-32DD-C68887B20B0F} = {02EA681E-C7D8-13C7-8484-4AC65E1B71E8}
		{A40BBE8E-DD8B-D95F-FBB9-1B05CC3F0E88} = {02EA681E-C7D8-13C7-8484-4AC65E1B71E8}
		{E29F8FCC-9A68-4289-8025-9CC95E757CF9} = {02EA681E-C7D8-13C7-8484-4AC65E1B71E8}
		{2CE17386-5B9D-4335-B71A-B8A593CC9FEF} = {E29F8FCC-9A68-4289-8025-9CC95E757CF9}
		{1136A45E-307B-4807-B330-7CDB9E8DEB36} = {E29F8FCC-9A68-4289-8025-9CC95E757CF9}
		{F16C35F8-9498-43B2-B845-B8FD744436B5} = {E29F8FCC-9A68-4289-8025-9CC95E757CF9}
		{5B53B065-10E4-4345-9302-29F578D72B91} = {E29F8FCC-9A68-4289-8025-9CC95E757CF9}
		{3303E5FB-0DDC-4474-B91F-15F5AA40CE50} = {02EA681E-C7D8-13C7-8484-4AC65E1B71E8}
		{D905A778-97BB-4EAA-9B7F-F66F6766088A} = {3303E5FB-0DDC-4474-B91F-15F5AA40CE50}
		{A88E9279-2179-4133-83C0-2BC0798600A4} = {3303E5FB-0DDC-4474-B91F-15F5AA40CE50}
		{09DF50B9-17AE-4BCF-B2F6-A701D160FD0E} = {3303E5FB-0DDC-4474-B91F-15F5AA40CE50}
		{238263DA-CC4B-4CD9-BA9F-F7752E23C2D9} = {3303E5FB-0DDC-4474-B91F-15F5AA40CE50}
		{D4FC6755-0682-46A1-8150-BBF39847B97C} = {3303E5FB-0DDC-4474-B91F-15F5AA40CE50}
		{F009BBD0-67F7-4203-BB2B-CEBCB21C2CE7} = {02EA681E-C7D8-13C7-8484-4AC65E1B71E8}
		{9F870EDB-56A1-49ED-AFB7-829F82F756CF} = {F009BBD0-67F7-4203-BB2B-CEBCB21C2CE7}
		{800B9E83-37B4-4615-9912-DFE94623A951} = {F009BBD0-67F7-4203-BB2B-CEBCB21C2CE7}
		{E86E2976-B4D9-43F4-83BD-EB2FBE951BDF} = {F009BBD0-67F7-4203-BB2B-CEBCB21C2CE7}
		{09097EE1-3D34-4633-ABFD-FEE8D9FA5264} = {F009BBD0-67F7-4203-BB2B-CEBCB21C2CE7}
		{D836FBCF-BC32-4209-902B-C10C15676CDB} = {F009BBD0-67F7-4203-BB2B-CEBCB21C2CE7}
		{956CBC8C-2B49-4566-A471-3025E0257C56} = {02EA681E-C7D8-13C7-8484-4AC65E1B71E8}
		{E3949564-13FA-4ADA-A94F-CDB19ACF6E52} = {956CBC8C-2B49-4566-A471-3025E0257C56}
		{D9DE1E19-7342-4BDB-B8F6-9118148BCA18} = {956CBC8C-2B49-4566-A471-3025E0257C56}
		{71FF9F5B-E251-490D-A8B0-4B022A159ECE} = {956CBC8C-2B49-4566-A471-3025E0257C56}
		{AE92F9FC-E6C1-4EC0-A43E-48D77581886B} = {956CBC8C-2B49-4566-A471-3025E0257C56}
	EndGlobalSection
	GlobalSection(ExtensibilityGlobals) = postSolution
		SolutionGuid = {9C9854DC-E7B1-40A9-9A91-0BCCBB9C2870}
	EndGlobalSection
EndGlobal
